
Microsoft Visual Studio Solution File, Format Version 11.00
# Visual C# Express 2010
Project("{FAE04EC0-301F-11D3-BF4B-00C04F79EFBC}") = "Serial", "Serial\Serial.csproj", "{B37400B3-E0E7-4A92-A3E0-CB306E3DFCA2}"
EndProject
Global
	GlobalSection(SolutionConfigurationPlatforms) = preSolution
		Debug|Any CPU = Debug|Any CPU
		Release|Any CPU = Release|Any CPU
	EndGlobalSection
	GlobalSection(ProjectConfigurationPlatforms) = postSolution
		{B37400B3-E0E7-4A92-A3E0-CB306E3DFCA2}.Debug|Any CPU.ActiveCfg = Debug|Any CPU
		{B37400B3-E0E7-4A92-A3E0-CB306E3DFCA2}.Debug|Any CPU.Build.0 = Debug|Any CPU
		{B37400B3-E0E7-4A92-A3E0-CB306E3DFCA2}.Release|Any CPU.ActiveCfg = Release|Any CPU
		{B37400B3-E0E7-4A92-A3E0-CB306E3DFCA2}.Release|Any CPU.Build.0 = Release|Any CPU
	EndGlobalSection
	GlobalSection(SolutionProperties) = preSolution
		HideSolutionNode = FALSE
	EndGlobalSection
EndGlobal
